// !$*UTF8*$!
{
	archiveVersion = 1;
	classes = {
	};
	objectVersion = 56;
	objects = {

/* Begin PBXBuildFile section */
		C661D7102A1153380010DFFA /* AppDelegate.swift in Sources */ = {isa = PBXBuildFile; fileRef = C661D70F2A1153380010DFFA /* AppDelegate.swift */; };
		C661D7122A1153380010DFFA /* SceneDelegate.swift in Sources */ = {isa = PBXBuildFile; fileRef = C661D7112A1153380010DFFA /* SceneDelegate.swift */; };
		C661D7142A1153380010DFFA /* ViewController.swift in Sources */ = {isa = PBXBuildFile; fileRef = C661D7132A1153380010DFFA /* ViewController.swift */; };
		C661D7172A1153380010DFFA /* Main.storyboard in Resources */ = {isa = PBXBuildFile; fileRef = C661D7152A1153380010DFFA /* Main.storyboard */; };
		C661D7192A1153390010DFFA /* Assets.xcassets in Resources */ = {isa = PBXBuildFile; fileRef = C661D7182A1153390010DFFA /* Assets.xcassets */; };
		C661D71C2A1153390010DFFA /* LaunchScreen.storyboard in Resources */ = {isa = PBXBuildFile; fileRef = C661D71A2A1153390010DFFA /* LaunchScreen.storyboard */; };
		C661D72A2A1154000010DFFA /* Game.swift in Sources */ = {isa = PBXBuildFile; fileRef = C661D7292A1154000010DFFA /* Game.swift */; };
		C661D72C2A11540B0010DFFA /* NetworkManager.swift in Sources */ = {isa = PBXBuildFile; fileRef = C661D72B2A11540B0010DFFA /* NetworkManager.swift */; };
		C661D72F2A1155100010DFFA /* Alamofire in Frameworks */ = {isa = PBXBuildFile; productRef = C661D72E2A1155100010DFFA /* Alamofire */; };
/* End PBXBuildFile section */

/* Begin PBXFileReference section */
		C661D70C2A1153380010DFFA /* AlamofireHomework.app */ = {isa = PBXFileReference; explicitFileType = wrapper.application; includeInIndex = 0; path = AlamofireHomework.app; sourceTree = BUILT_PRODUCTS_DIR; };
		C661D70F2A1153380010DFFA /* AppDelegate.swift */ = {isa = PBXFileReference; lastKnownFileType = sourcecode.swift; path = AppDelegate.swift; sourceTree = "<group>"; };
		C661D7112A1153380010DFFA /* SceneDelegate.swift */ = {isa = PBXFileReference; lastKnownFileType = sourcecode.swift; path = SceneDelegate.swift; sourceTree = "<group>"; };
		C661D7132A1153380010DFFA /* ViewController.swift */ = {isa = PBXFileReference; lastKnownFileType = sourcecode.swift; path = ViewController.swift; sourceTree = "<group>"; };
		C661D7162A1153380010DFFA /* Base */ = {isa = PBXFileReference; lastKnownFileType = file.storyboard; name = Base; path = Base.lproj/Main.storyboard; sourceTree = "<group>"; };
		C661D7182A1153390010DFFA /* Assets.xcassets */ = {isa = PBXFileReference; lastKnownFileType = folder.assetcatalog; path = Assets.xcassets; sourceTree = "<group>"; };
		C661D71B2A1153390010DFFA /* Base */ = {isa = PBXFileReference; lastKnownFileType = file.storyboard; name = Base; path = Base.lproj/LaunchScreen.storyboard; sourceTree = "<group>"; };
		C661D71D2A1153390010DFFA /* Info.plist */ = {isa = PBXFileReference; lastKnownFileType = text.plist.xml; path = Info.plist; sourceTree = "<group>"; };
		C661D7292A1154000010DFFA /* Game.swift */ = {isa = PBXFileReference; lastKnownFileType = sourcecode.swift; path = Game.swift; sourceTree = "<group>"; };
		C661D72B2A11540B0010DFFA /* NetworkManager.swift */ = {isa = PBXFileReference; lastKnownFileType = sourcecode.swift; path = NetworkManager.swift; sourceTree = "<group>"; };
/* End PBXFileReference section */

/* Begin PBXFrameworksBuildPhase section */
		C661D7092A1153380010DFFA /* Frameworks */ = {
			isa = PBXFrameworksBuildPhase;
			buildActionMask = 2147483647;
			files = (
				C661D72F2A1155100010DFFA /* Alamofire in Frameworks */,
			);
			runOnlyForDeploymentPostprocessing = 0;
		};
/* End PBXFrameworksBuildPhase section */

/* Begin PBXGroup section */
		C661D7032A1153380010DFFA = {
			isa = PBXGroup;
			children = (
				C661D70E2A1153380010DFFA /* AlamofireHomework */,
				C661D70D2A1153380010DFFA /* Products */,
			);
			sourceTree = "<group>";
		};
		C661D70D2A1153380010DFFA /* Products */ = {
			isa = PBXGroup;
			children = (
				C661D70C2A1153380010DFFA /* AlamofireHomework.app */,
			);
			name = Products;
			sourceTree = "<group>";
		};
		C661D70E2A1153380010DFFA /* AlamofireHomework */ = {
			isa = PBXGroup;
			children = (
				C661D7272A1153D70010DFFA /* Models */,
				C661D7262A1153620010DFFA /* ViewControllers */,
				C661D7252A1153580010DFFA /* Storyboards */,
				C661D7282A1153DD0010DFFA /* Services */,
				C661D7232A11534A0010DFFA /* App */,
				C661D7242A1153510010DFFA /* Sourses */,
			);
			path = AlamofireHomework;
			sourceTree = "<group>";
		};
		C661D7232A11534A0010DFFA /* App */ = {
			isa = PBXGroup;
			children = (
				C661D70F2A1153380010DFFA /* AppDelegate.swift */,
				C661D7112A1153380010DFFA /* SceneDelegate.swift */,
				C661D71D2A1153390010DFFA /* Info.plist */,
			);
			path = App;
			sourceTree = "<group>";
		};
		C661D7242A1153510010DFFA /* Sourses */ = {
			isa = PBXGroup;
			children = (
				C661D7182A1153390010DFFA /* Assets.xcassets */,
			);
			path = Sourses;
			sourceTree = "<group>";
		};
		C661D7252A1153580010DFFA /* Storyboards */ = {
			isa = PBXGroup;
			children = (
				C661D7152A1153380010DFFA /* Main.storyboard */,
				C661D71A2A1153390010DFFA /* LaunchScreen.storyboard */,
			);
			path = Storyboards;
			sourceTree = "<group>";
		};
		C661D7262A1153620010DFFA /* ViewControllers */ = {
			isa = PBXGroup;
			children = (
				C661D7132A1153380010DFFA /* ViewController.swift */,
			);
			path = ViewControllers;
			sourceTree = "<group>";
		};
		C661D7272A1153D70010DFFA /* Models */ = {
			isa = PBXGroup;
			children = (
				C661D7292A1154000010DFFA /* Game.swift */,
			);
			path = Models;
			sourceTree = "<group>";
		};
		C661D7282A1153DD0010DFFA /* Services */ = {
			isa = PBXGroup;
			children = (
				C661D72B2A11540B0010DFFA /* NetworkManager.swift */,
			);
			path = Services;
			sourceTree = "<group>";
		};
/* End PBXGroup section */

/* Begin PBXNativeTarget section */
		C661D70B2A1153380010DFFA /* AlamofireHomework */ = {
			isa = PBXNativeTarget;
			buildConfigurationList = C661D7202A1153390010DFFA /* Build configuration list for PBXNativeTarget "AlamofireHomework" */;
			buildPhases = (
				C661D7082A1153380010DFFA /* Sources */,
				C661D7092A1153380010DFFA /* Frameworks */,
				C661D70A2A1153380010DFFA /* Resources */,
			);
			buildRules = (
			);
			dependencies = (
			);
			name = AlamofireHomework;
			packageProductDependencies = (
				C661D72E2A1155100010DFFA /* Alamofire */,
			);
			productName = AlamofireHomework;
			productReference = C661D70C2A1153380010DFFA /* AlamofireHomework.app */;
			productType = "com.apple.product-type.application";
		};
/* End PBXNativeTarget section */

/* Begin PBXProject section */
		C661D7042A1153380010DFFA /* Project object */ = {
			isa = PBXProject;
			attributes = {
				BuildIndependentTargetsInParallel = 1;
				LastSwiftUpdateCheck = 1430;
				LastUpgradeCheck = 1430;
				TargetAttributes = {
					C661D70B2A1153380010DFFA = {
						CreatedOnToolsVersion = 14.3;
					};
				};
			};
			buildConfigurationList = C661D7072A1153380010DFFA /* Build configuration list for PBXProject "AlamofireHomework" */;
			compatibilityVersion = "Xcode 14.0";
			developmentRegion = en;
			hasScannedForEncodings = 0;
			knownRegions = (
				en,
				Base,
			);
			mainGroup = C661D7032A1153380010DFFA;
			packageReferences = (
				C661D72D2A1155100010DFFA /* XCRemoteSwiftPackageReference "Alamofire" */,
			);
			productRefGroup = C661D70D2A1153380010DFFA /* Products */;
			projectDirPath = "";
			projectRoot = "";
			targets = (
				C661D70B2A1153380010DFFA /* AlamofireHomework */,
			);
		};
/* End PBXProject section */

/* Begin PBXResourcesBuildPhase section */
		C661D70A2A1153380010DFFA /* Resources */ = {
			isa = PBXResourcesBuildPhase;
			buildActionMask = 2147483647;
			files = (
				C661D71C2A1153390010DFFA /* LaunchScreen.storyboard in Resources */,
				C661D7192A1153390010DFFA /* Assets.xcassets in Resources */,
				C661D7172A1153380010DFFA /* Main.storyboard in Resources */,
			);
			runOnlyForDeploymentPostprocessing = 0;
		};
/* End PBXResourcesBuildPhase section */

/* Begin PBXSourcesBuildPhase section */
		C661D7082A1153380010DFFA /* Sources */ = {
			isa = PBXSourcesBuildPhase;
			buildActionMask = 2147483647;
			files = (
				C661D7142A1153380010DFFA /* ViewController.swift in Sources */,
				C661D7102A1153380010DFFA /* AppDelegate.swift in Sources */,
				C661D72C2A11540B0010DFFA /* NetworkManager.swift in Sources */,
				C661D7122A1153380010DFFA /* SceneDelegate.swift in Sources */,
				C661D72A2A1154000010DFFA /* Game.swift in Sources */,
			);
			runOnlyForDeploymentPostprocessing = 0;
		};
/* End PBXSourcesBuildPhase section */

/* Begin PBXVariantGroup section */
		C661D7152A1153380010DFFA /* Main.storyboard */ = {
			isa = PBXVariantGroup;
			children = (
				C661D7162A1153380010DFFA /* Base */,
			);
			name = Main.storyboard;
			sourceTree = "<group>";
		};
		C661D71A2A1153390010DFFA /* LaunchScreen.storyboard */ = {
			isa = PBXVariantGroup;
			children = (
				C661D71B2A1153390010DFFA /* Base */,
			);
			name = LaunchScreen.storyboard;
			sourceTree = "<group>";
		};
/* End PBXVariantGroup section */

/* Begin XCBuildConfiguration section */
		C661D71E2A1153390010DFFA /* Debug */ = {
			isa = XCBuildConfiguration;
			buildSettings = {
				ALWAYS_SEARCH_USER_PATHS = NO;
				CLANG_ANALYZER_NONNULL = YES;
				CLANG_ANALYZER_NUMBER_OBJECT_CONVERSION = YES_AGGRESSIVE;
				CLANG_CXX_LANGUAGE_STANDARD = "gnu++20";
				CLANG_ENABLE_MODULES = YES;
				CLANG_ENABLE_OBJC_ARC = YES;
				CLANG_ENABLE_OBJC_WEAK = YES;
				CLANG_WARN_BLOCK_CAPTURE_AUTORELEASING = YES;
				CLANG_WARN_BOOL_CONVERSION = YES;
				CLANG_WARN_COMMA = YES;
				CLANG_WARN_CONSTANT_CONVERSION = YES;
				CLANG_WARN_DEPRECATED_OBJC_IMPLEMENTATIONS = YES;
				CLANG_WARN_DIRECT_OBJC_ISA_USAGE = YES_ERROR;
				CLANG_WARN_DOCUMENTATION_COMMENTS = YES;
				CLANG_WARN_EMPTY_BODY = YES;
				CLANG_WARN_ENUM_CONVERSION = YES;
				CLANG_WARN_INFINITE_RECURSION = YES;
				CLANG_WARN_INT_CONVERSION = YES;
				CLANG_WARN_NON_LITERAL_NULL_CONVERSION = YES;
				CLANG_WARN_OBJC_IMPLICIT_RETAIN_SELF = YES;
				CLANG_WARN_OBJC_LITERAL_CONVERSION = YES;
				CLANG_WARN_OBJC_ROOT_CLASS = YES_ERROR;
				CLANG_WARN_QUOTED_INCLUDE_IN_FRAMEWORK_HEADER = YES;
				CLANG_WARN_RANGE_LOOP_ANALYSIS = YES;
				CLANG_WARN_STRICT_PROTOTYPES = YES;
				CLANG_WARN_SUSPICIOUS_MOVE = YES;
				CLANG_WARN_UNGUARDED_AVAILABILITY = YES_AGGRESSIVE;
				CLANG_WARN_UNREACHABLE_CODE = YES;
				CLANG_WARN__DUPLICATE_METHOD_MATCH = YES;
				COPY_PHASE_STRIP = NO;
				DEBUG_INFORMATION_FORMAT = dwarf;
				ENABLE_STRICT_OBJC_MSGSEND = YES;
				ENABLE_TESTABILITY = YES;
				GCC_C_LANGUAGE_STANDARD = gnu11;
				GCC_DYNAMIC_NO_PIC = NO;
				GCC_NO_COMMON_BLOCKS = YES;
				GCC_OPTIMIZATION_LEVEL = 0;
				GCC_PREPROCESSOR_DEFINITIONS = (
					"DEBUG=1",
					"$(inherited)",
				);
				GCC_WARN_64_TO_32_BIT_CONVERSION = YES;
				GCC_WARN_ABOUT_RETURN_TYPE = YES_ERROR;
				GCC_WARN_UNDECLARED_SELECTOR = YES;
				GCC_WARN_UNINITIALIZED_AUTOS = YES_AGGRESSIVE;
				GCC_WARN_UNUSED_FUNCTION = YES;
				GCC_WARN_UNUSED_VARIABLE = YES;
				IPHONEOS_DEPLOYMENT_TARGET = 16.4;
				MTL_ENABLE_DEBUG_INFO = INCLUDE_SOURCE;
				MTL_FAST_MATH = YES;
				ONLY_ACTIVE_ARCH = YES;
				SDKROOT = iphoneos;
				SWIFT_ACTIVE_COMPILATION_CONDITIONS = DEBUG;
				SWIFT_OPTIMIZATION_LEVEL = "-Onone";
			};
			name = Debug;
		};
		C661D71F2A1153390010DFFA /* Release */ = {
			isa = XCBuildConfiguration;
			buildSettings = {
				ALWAYS_SEARCH_USER_PATHS = NO;
				CLANG_ANALYZER_NONNULL = YES;
				CLANG_ANALYZER_NUMBER_OBJECT_CONVERSION = YES_AGGRESSIVE;
				CLANG_CXX_LANGUAGE_STANDARD = "gnu++20";
				CLANG_ENABLE_MODULES = YES;
				CLANG_ENABLE_OBJC_ARC = YES;
				CLANG_ENABLE_OBJC_WEAK = YES;
				CLANG_WARN_BLOCK_CAPTURE_AUTORELEASING = YES;
				CLANG_WARN_BOOL_CONVERSION = YES;
				CLANG_WARN_COMMA = YES;
				CLANG_WARN_CONSTANT_CONVERSION = YES;
				CLANG_WARN_DEPRECATED_OBJC_IMPLEMENTATIONS = YES;
				CLANG_WARN_DIRECT_OBJC_ISA_USAGE = YES_ERROR;
				CLANG_WARN_DOCUMENTATION_COMMENTS = YES;
				CLANG_WARN_EMPTY_BODY = YES;
				CLANG_WARN_ENUM_CONVERSION = YES;
				CLANG_WARN_INFINITE_RECURSION = YES;
				CLANG_WARN_INT_CONVERSION = YES;
				CLANG_WARN_NON_LITERAL_NULL_CONVERSION = YES;
				CLANG_WARN_OBJC_IMPLICIT_RETAIN_SELF = YES;
				CLANG_WARN_OBJC_LITERAL_CONVERSION = YES;
				CLANG_WARN_OBJC_ROOT_CLASS = YES_ERROR;
				CLANG_WARN_QUOTED_INCLUDE_IN_FRAMEWORK_HEADER = YES;
				CLANG_WARN_RANGE_LOOP_ANALYSIS = YES;
				CLANG_WARN_STRICT_PROTOTYPES = YES;
				CLANG_WARN_SUSPICIOUS_MOVE = YES;
				CLANG_WARN_UNGUARDED_AVAILABILITY = YES_AGGRESSIVE;
				CLANG_WARN_UNREACHABLE_CODE = YES;
				CLANG_WARN__DUPLICATE_METHOD_MATCH = YES;
				COPY_PHASE_STRIP = NO;
				DEBUG_INFORMATION_FORMAT = "dwarf-with-dsym";
				ENABLE_NS_ASSERTIONS = NO;
				ENABLE_STRICT_OBJC_MSGSEND = YES;
				GCC_C_LANGUAGE_STANDARD = gnu11;
				GCC_NO_COMMON_BLOCKS = YES;
				GCC_WARN_64_TO_32_BIT_CONVERSION = YES;
				GCC_WARN_ABOUT_RETURN_TYPE = YES_ERROR;
				GCC_WARN_UNDECLARED_SELECTOR = YES;
				GCC_WARN_UNINITIALIZED_AUTOS = YES_AGGRESSIVE;
				GCC_WARN_UNUSED_FUNCTION = YES;
				GCC_WARN_UNUSED_VARIABLE = YES;
				IPHONEOS_DEPLOYMENT_TARGET = 16.4;
				MTL_ENABLE_DEBUG_INFO = NO;
				MTL_FAST_MATH = YES;
				SDKROOT = iphoneos;
				SWIFT_COMPILATION_MODE = wholemodule;
				SWIFT_OPTIMIZATION_LEVEL = "-O";
				VALIDATE_PRODUCT = YES;
			};
			name = Release;
		};
		C661D7212A1153390010DFFA /* Debug */ = {
			isa = XCBuildConfiguration;
			buildSettings = {
				ASSETCATALOG_COMPILER_APPICON_NAME = AppIcon;
				ASSETCATALOG_COMPILER_GLOBAL_ACCENT_COLOR_NAME = AccentColor;
				CODE_SIGN_STYLE = Automatic;
				CURRENT_PROJECT_VERSION = 1;
				DEVELOPMENT_TEAM = W83LB3ZRMV;
				GENERATE_INFOPLIST_FILE = YES;
				INFOPLIST_FILE = AlamofireHomework/App/Info.plist;
				INFOPLIST_KEY_UIApplicationSupportsIndirectInputEvents = YES;
				INFOPLIST_KEY_UILaunchStoryboardName = LaunchScreen;
				INFOPLIST_KEY_UIMainStoryboardFile = Main;
				INFOPLIST_KEY_UISupportedInterfaceOrientations = UIInterfaceOrientationPortrait;
				INFOPLIST_KEY_UISupportedInterfaceOrientations_iPad = "UIInterfaceOrientationLandscapeLeft UIInterfaceOrientationLandscapeRight UIInterfaceOrientationPortrait UIInterfaceOrientationPortraitUpsideDown";
				LD_RUNPATH_SEARCH_PATHS = (
					"$(inherited)",
					"@executable_path/Frameworks",
				);
				MARKETING_VERSION = 1.0;
				PRODUCT_BUNDLE_IDENTIFIER = com.lashin.AlamofireHomework;
				PRODUCT_NAME = "$(TARGET_NAME)";
				SUPPORTED_PLATFORMS = "iphoneos iphonesimulator";
				SUPPORTS_MACCATALYST = NO;
				SUPPORTS_MAC_DESIGNED_FOR_IPHONE_IPAD = NO;
				SWIFT_EMIT_LOC_STRINGS = YES;
				SWIFT_VERSION = 5.0;
				TARGETED_DEVICE_FAMILY = 1;
			};
			name = Debug;
		};
		C661D7222A1153390010DFFA /* Release */ = {
			isa = XCBuildConfiguration;
			buildSettings = {
				ASSETCATALOG_COMPILER_APPICON_NAME = AppIcon;
				ASSETCATALOG_COMPILER_GLOBAL_ACCENT_COLOR_NAME = AccentColor;
				CODE_SIGN_STYLE = Automatic;
				CURRENT_PROJECT_VERSION = 1;
				DEVELOPMENT_TEAM = W83LB3ZRMV;
				GENERATE_INFOPLIST_FILE = YES;
				INFOPLIST_FILE = AlamofireHomework/App/Info.plist;
				INFOPLIST_KEY_UIApplicationSupportsIndirectInputEvents = YES;
				INFOPLIST_KEY_UILaunchStoryboardName = LaunchScreen;
				INFOPLIST_KEY_UIMainStoryboardFile = Main;
				INFOPLIST_KEY_UISupportedInterfaceOrientations = UIInterfaceOrientationPortrait;
				INFOPLIST_KEY_UISupportedInterfaceOrientations_iPad = "UIInterfaceOrientationLandscapeLeft UIInterfaceOrientationLandscapeRight UIInterfaceOrientationPortrait UIInterfaceOrientationPortraitUpsideDown";
				LD_RUNPATH_SEARCH_PATHS = (
					"$(inherited)",
					"@executable_path/Frameworks",
				);
				MARKETING_VERSION = 1.0;
				PRODUCT_BUNDLE_IDENTIFIER = com.lashin.AlamofireHomework;
				PRODUCT_NAME = "$(TARGET_NAME)";
				SUPPORTED_PLATFORMS = "iphoneos iphonesimulator";
				SUPPORTS_MACCATALYST = NO;
				SUPPORTS_MAC_DESIGNED_FOR_IPHONE_IPAD = NO;
				SWIFT_EMIT_LOC_STRINGS = YES;
				SWIFT_VERSION = 5.0;
				TARGETED_DEVICE_FAMILY = 1;
			};
			name = Release;
		};
/* End XCBuildConfiguration section */

/* Begin XCConfigurationList section */
		C661D7072A1153380010DFFA /* Build configuration list for PBXProject "AlamofireHomework" */ = {
			isa = XCConfigurationList;
			buildConfigurations = (
				C661D71E2A1153390010DFFA /* Debug */,
				C661D71F2A1153390010DFFA /* Release */,
			);
			defaultConfigurationIsVisible = 0;
			defaultConfigurationName = Release;
		};
		C661D7202A1153390010DFFA /* Build configuration list for PBXNativeTarget "AlamofireHomework" */ = {
			isa = XCConfigurationList;
			buildConfigurations = (
				C661D7212A1153390010DFFA /* Debug */,
				C661D7222A1153390010DFFA /* Release */,
			);
			defaultConfigurationIsVisible = 0;
			defaultConfigurationName = Release;
		};
/* End XCConfigurationList section */

/* Begin XCRemoteSwiftPackageReference section */
		C661D72D2A1155100010DFFA /* XCRemoteSwiftPackageReference "Alamofire" */ = {
			isa = XCRemoteSwiftPackageReference;
			repositoryURL = "https://github.com/Alamofire/Alamofire.git";
			requirement = {
				kind = exactVersion;
				version = 5.0.0;
			};
		};
/* End XCRemoteSwiftPackageReference section */

/* Begin XCSwiftPackageProductDependency section */
		C661D72E2A1155100010DFFA /* Alamofire */ = {
			isa = XCSwiftPackageProductDependency;
			package = C661D72D2A1155100010DFFA /* XCRemoteSwiftPackageReference "Alamofire" */;
			productName = Alamofire;
		};
/* End XCSwiftPackageProductDependency section */
	};
	rootObject = C661D7042A1153380010DFFA /* Project object */;
}
